Microsoft Visual Studio Solution File, Format Version 12.00
# Visual Studio Version 17
VisualStudioVersion = 17.5.2.0
MinimumVisualStudioVersion = 10.0.40219.1
Project("{FAE04EC0-301F-11D3-BF4B-00C04F79EFBC}") = "HomeOwners", "HomeOwners.csproj", "{F026C952-B56E-C479-4EF3-4DC7B61E7C17}"
EndProject
Global
	GlobalSection(SolutionConfigurationPlatforms) = preSolution
		Debug|Any CPU = Debug|Any CPU
		Release|Any CPU = Release|Any CPU
	EndGlobalSection
	GlobalSection(ProjectConfigurationPlatforms) = postSolution
		{F026C952-B56E-C479-4EF3-4DC7B61E7C17}.Debug|Any CPU.ActiveCfg = Debug|Any CPU
		{F026C952-B56E-C479-4EF3-4DC7B61E7C17}.Debug|Any CPU.Build.0 = Debug|Any CPU
		{F026C952-B56E-C479-4EF3-4DC7B61E7C17}.Release|Any CPU.ActiveCfg = Release|Any CPU
		{F026C952-B56E-C479-4EF3-4DC7B61E7C17}.Release|Any CPU.Build.0 = Release|Any CPU
	EndGlobalSection
	GlobalSection(SolutionProperties) = preSolution
		HideSolutionNode = FALSE
	EndGlobalSection
	GlobalSection(ExtensibilityGlobals) = postSolution
		SolutionGuid = {2CF00EE0-27F3-4F26-90BF-17C6E76F8C4B}
	EndGlobalSection
EndGlobal
